
Microsoft Visual Studio Solution File, Format Version 12.00
# Visual Studio Version 17
VisualStudioVersion = 17.10.34916.146
MinimumVisualStudioVersion = 10.0.40219.1
Project("{9A19103F-16F7-4668-BE54-9A1E7A4F7556}") = "BulkyWeb", "BulkyWeb\BulkyWeb.csproj", "{0309CB85-0C00-4312-8DD4-66FCC5A95EB8}"
EndProject
Project("{FAE04EC0-301F-11D3-BF4B-00C04F79EFBC}") = "Bulky.DataAccess", "BulkyDataAccess\Bulky.DataAccess.csproj", "{970554CE-4095-46C0-9AF8-CA85B34BB0DF}"
EndProject
Project("{FAE04EC0-301F-11D3-BF4B-00C04F79EFBC}") = "Bulky.Models", "BulkyModels\Bulky.Models.csproj", "{392E1449-B582-4FBE-8B9F-5B486F1AD9EC}"
EndProject
Project("{FAE04EC0-301F-11D3-BF4B-00C04F79EFBC}") = "Bulky.Utils", "BulkyUtils\Bulky.Utils.csproj", "{01AD711E-886C-428A-8965-8D8D2A222D9D}"
EndProject
Global
	GlobalSection(SolutionConfigurationPlatforms) = preSolution
		Debug|Any CPU = Debug|Any CPU
		Release|Any CPU = Release|Any CPU
	EndGlobalSection
	GlobalSection(ProjectConfigurationPlatforms) = postSolution
		{0309CB85-0C00-4312-8DD4-66FCC5A95EB8}.Debug|Any CPU.ActiveCfg = Debug|Any CPU
		{0309CB85-0C00-4312-8DD4-66FCC5A95EB8}.Debug|Any CPU.Build.0 = Debug|Any CPU
		{0309CB85-0C00-4312-8DD4-66FCC5A95EB8}.Release|Any CPU.ActiveCfg = Release|Any CPU
		{0309CB85-0C00-4312-8DD4-66FCC5A95EB8}.Release|Any CPU.Build.0 = Release|Any CPU
		{970554CE-4095-46C0-9AF8-CA85B34BB0DF}.Debug|Any CPU.ActiveCfg = Debug|Any CPU
		{970554CE-4095-46C0-9AF8-CA85B34BB0DF}.Debug|Any CPU.Build.0 = Debug|Any CPU
		{970554CE-4095-46C0-9AF8-CA85B34BB0DF}.Release|Any CPU.ActiveCfg = Release|Any CPU
		{970554CE-4095-46C0-9AF8-CA85B34BB0DF}.Release|Any CPU.Build.0 = Release|Any CPU
		{392E1449-B582-4FBE-8B9F-5B486F1AD9EC}.Debug|Any CPU.ActiveCfg = Debug|Any CPU
		{392E1449-B582-4FBE-8B9F-5B486F1AD9EC}.Debug|Any CPU.Build.0 = Debug|Any CPU
		{392E1449-B582-4FBE-8B9F-5B486F1AD9EC}.Release|Any CPU.ActiveCfg = Release|Any CPU
		{392E1449-B582-4FBE-8B9F-5B486F1AD9EC}.Release|Any CPU.Build.0 = Release|Any CPU
		{01AD711E-886C-428A-8965-8D8D2A222D9D}.Debug|Any CPU.ActiveCfg = Debug|Any CPU
		{01AD711E-886C-428A-8965-8D8D2A222D9D}.Debug|Any CPU.Build.0 = Debug|Any CPU
		{01AD711E-886C-428A-8965-8D8D2A222D9D}.Release|Any CPU.ActiveCfg = Release|Any CPU
		{01AD711E-886C-428A-8965-8D8D2A222D9D}.Release|Any CPU.Build.0 = Release|Any CPU
	EndGlobalSection
	GlobalSection(SolutionProperties) = preSolution
		HideSolutionNode = FALSE
	EndGlobalSection
	GlobalSection(ExtensibilityGlobals) = postSolution
		SolutionGuid = {51A37EF0-0FEB-42D1-8210-3E29252AEF06}
	EndGlobalSection
EndGlobal
